{
  "version": 4,
  "terraform_version": "0.12.20",
  "serial": 17,
  "lineage": "3c16c23a-f0dd-a57b-5678-eafe958e88f9",
  "outputs": {
    "endpoint": {
      "value": "34.139.19.164",
      "type": "string"
    }
  },
  "resources": [
    {
      "mode": "managed",
      "type": "google_container_cluster",
      "name": "dev_cluster",
      "provider": "provider.google",
      "instances": [
        {
          "schema_version": 1,
          "attributes": {
            "addons_config": [
              {
                "cloudrun_config": [],
                "horizontal_pod_autoscaling": [],
                "http_load_balancing": [],
                "network_policy_config": [
                  {
                    "disabled": true
                  }
                ]
              }
            ],
            "authenticator_groups_config": [],
            "cluster_autoscaling": [
              {
                "auto_provisioning_defaults": [],
                "enabled": false,
                "resource_limits": []
              }
            ],
            "cluster_ipv4_cidr": "10.56.0.0/14",
            "database_encryption": [
              {
                "key_name": "",
                "state": "DECRYPTED"
              }
            ],
            "datapath_provider": "",
            "default_max_pods_per_node": null,
            "default_snat_status": [
              {
                "disabled": false
              }
            ],
            "description": "Demo  GKE Cluster",
            "enable_autopilot": false,
            "enable_binary_authorization": false,
            "enable_intranode_visibility": false,
            "enable_kubernetes_alpha": false,
            "enable_legacy_abac": true,
            "enable_shielded_nodes": true,
            "enable_tpu": false,
            "endpoint": "34.139.19.164",
            "id": "projects/centering-aegis-327602/locations/us-east1-b/clusters/demo-kubernetes",
            "initial_node_count": 3,
            "instance_group_urls": [],
            "ip_allocation_policy": [],
            "label_fingerprint": "a9dc16a7",
            "location": "us-east1-b",
            "logging_service": "logging.googleapis.com/kubernetes",
            "maintenance_policy": [],
            "master_auth": [
              {
                "client_certificate": "",
                "client_certificate_config": [
                  {
                    "issue_client_certificate": false
                  }
                ],
                "client_key": "",
                "cluster_ca_certificate": "LS0tLS1CRUdJTiBDRVJUSUZJQ0FURS0tLS0tCk1JSUVMVENDQXBXZ0F3SUJBZ0lSQUlVbWh1SWtsL2VPbFBQRE1tQ3VHMVV3RFFZSktvWklodmNOQVFFTEJRQXcKTHpFdE1Dc0dBMVVFQXhNa01UVTBZemt4TmpjdFl6STRNeTAwWlRBMkxXRmlNRGt0TTJRNU1qazFOR1JtTXpnegpNQ0FYRFRJeE1Ea3pNREl6TVRjMU1sb1lEekl3TlRFd09USTBNREF4TnpVeVdqQXZNUzB3S3dZRFZRUURFeVF4Ck5UUmpPVEUyTnkxak1qZ3pMVFJsTURZdFlXSXdPUzB6WkRreU9UVTBaR1l6T0RNd2dnR2lNQTBHQ1NxR1NJYjMKRFFFQkFRVUFBNElCandBd2dnR0tBb0lCZ1FES1dHTmpOQWZwRUpFUnY5eFl4V1h6ZERhc1Q0aE00amlCbjAvNgpDV1hsRUplcjVldS80dlYxblBabVQxUzhWRXJUdUoyeHAyMjgzRDgzNlh2RVVnWXpBWG9yNzEwdUswZnNHaTlCClkzbjVWQ1lwd21JRWtyWitUMi9hV25vdVdXU3FjdFJxY1VKV2RuWFBkLzYwUTVQVVdGb3I1N3FaZWxYRW5VRG0KcHhIVkI2aWVGYnByTkRSTVhsMzdVbGtZOGUxdms2RzlrTkpiUTd5aVRtTjhCS21kcGU3TUdyOCtLKzNQZ0p2SApTUUNGcEFGTzNPUTRrOExEUGNpL1FXdHEvUnFIS255NE5sVDJqdCtJWTd0dUV6elJkaSs2aTJ1UTFCYmh6cUNICm9hMEI5Nk5KSUdhMEVtRnBhdi95eTMwQzBuY3pRSThRdnp3M3pmc1FnYTlIb01wbzl5Y2hISlRHNVFMUEVuN2sKVXBhWnhUYUhOMm1DMlk4R21scm9NUzNpYytRbkN4aTZaVkhOdHlSbmdrODZUTDNFUlFyWmtvQWpCM2hhcVVQTwpSeWFLVkpQUzI3d1RST1RMK2pvWlhyYlErVWplTFVwTVRWeU9LdmYzdC9CbElCeWZWUHowRStLNkpUdVZ0cXhlCmNGd2xFYnBKWUplQ3RReGRRZWhKMHlRM1hnRUNBd0VBQWFOQ01FQXdEZ1lEVlIwUEFRSC9CQVFEQWdJRU1BOEcKQTFVZEV3RUIvd1FGTUFNQkFmOHdIUVlEVlIwT0JCWUVGSEZlWndrUXpNMU8rbFgyZ2grMG1BbTlRSTl4TUEwRwpDU3FHU0liM0RRRUJDd1VBQTRJQmdRQ1lJSXo4UEpzNjdrYURoRGp6dno4dXVybkNTMk93VlJzQ0t1MmQ1ejE4CnBCaU1tVHAyemxXVmRPMEc4UFc1N21qejJPZWtaNFRVNUhPTHduQVRsczZ1THR2eWdtejl1NkE4eEovWEpBQlgKQ1J3QTBDcHB3aFp1YVJQRjVDRHdMNDQ5SGNqU1ZLUFZBbFo1bmF0VDBLcURQTTNJZ0JPS29OUS9rbW9KSGxTeApieDVQbTFWbHFwSElPVDJXVjJXRjlsc2gwRTFlcElVSjJYT2p6NU1zU2FVTmFsaXRRczNpM2l4WGNTMDVtRU91CjlXSktUL3NYSDVRODJ2VkM4WkROS3hGUmwwcVhLQzNzODZZTmZ3aDN3THo1SDlIL0hqdkhHWUgvY0gzMUtCMHUKQnVRYmM2b2FJTE44OVZ4cXVFTE1kWGR1LytOSGJGcU5FWmlzK1lRNUNieExhVU5DK1Y3cUYvS0t5VUJRVk10KwovVzBJS3dGSndodUNCSFNRTVUvQTUzWHlGd2prMExsREp6ZnRlMWZ1aGtMZGU3Z0t0OHZJa1Y4NXJyQ0FFWjR4CmEwbElLRGJGT0phY2t3WW01em5BNFdleFJ3MVRTTjI4M2toT3hPVVk0b2FWU0tUbEFxcU1jL1JoRld6RE56NHQKL2JGR1h5RG9FRXRzNGVyU3dkSzlNZDA9Ci0tLS0tRU5EIENFUlRJRklDQVRFLS0tLS0K",
                "password": "",
                "username": ""
              }
            ],
            "master_authorized_networks_config": [],
            "master_version": "1.20.9-gke.1001",
            "min_master_version": null,
            "monitoring_service": "monitoring.googleapis.com/kubernetes",
            "name": "demo-kubernetes",
            "network": "projects/centering-aegis-327602/global/networks/default",
            "network_policy": [
              {
                "enabled": false,
                "provider": "PROVIDER_UNSPECIFIED"
              }
            ],
            "networking_mode": "ROUTES",
            "node_config": [],
            "node_locations": [],
            "node_pool": [],
            "node_version": "1.20.9-gke.1001",
            "operation": null,
            "pod_security_policy_config": [],
            "private_cluster_config": [],
            "private_ipv6_google_access": "",
            "project": "centering-aegis-327602",
            "release_channel": [
              {
                "channel": "REGULAR"
              }
            ],
            "remove_default_node_pool": true,
            "resource_labels": null,
            "resource_usage_export_config": [],
            "self_link": "https://container.googleapis.com/v1beta1/projects/centering-aegis-327602/zones/us-east1-b/clusters/demo-kubernetes",
            "services_ipv4_cidr": "10.59.240.0/20",
            "subnetwork": "projects/centering-aegis-327602/regions/us-east1/subnetworks/default",
            "timeouts": null,
            "tpu_ipv4_cidr_block": "",
            "vertical_pod_autoscaling": [],
            "workload_identity_config": []
          },
          "private": "eyJlMmJmYjczMC1lY2FhLTExZTYtOGY4OC0zNDM2M2JjN2M0YzAiOnsiY3JlYXRlIjoyNDAwMDAwMDAwMDAwLCJkZWxldGUiOjI0MDAwMDAwMDAwMDAsInJlYWQiOjI0MDAwMDAwMDAwMDAsInVwZGF0ZSI6MzYwMDAwMDAwMDAwMH0sInNjaGVtYV92ZXJzaW9uIjoiMSJ9"
        }
      ]
    },
    {
      "mode": "managed",
      "type": "google_container_node_pool",
      "name": "primary_preemptible_nodes",
      "provider": "provider.google",
      "instances": [
        {
          "schema_version": 1,
          "attributes": {
            "autoscaling": [],
            "cluster": "demo-kubernetes",
            "id": "projects/centering-aegis-327602/locations/us-east1-b/clusters/demo-kubernetes/nodePools/demo-kubernetes-node-pool",
            "initial_node_count": 3,
            "instance_group_urls": [
              "https://www.googleapis.com/compute/v1/projects/centering-aegis-327602/zones/us-east1-b/instanceGroupManagers/gke-demo-kubernetes-demo-kubernetes-n-38661a74-grp"
            ],
            "location": "us-east1-b",
            "management": [
              {
                "auto_repair": true,
                "auto_upgrade": true
              }
            ],
            "max_pods_per_node": null,
            "name": "demo-kubernetes-node-pool",
            "name_prefix": "",
            "node_config": [
              {
                "disk_size_gb": 100,
                "disk_type": "pd-standard",
                "guest_accelerator": [],
                "image_type": "COS_CONTAINERD",
                "labels": {},
                "local_ssd_count": 0,
                "machine_type": "n1-standard-1",
                "metadata": {
                  "disable-legacy-endpoints": "true"
                },
                "min_cpu_platform": "",
                "oauth_scopes": [
                  "https://www.googleapis.com/auth/logging.write",
                  "https://www.googleapis.com/auth/monitoring"
                ],
                "preemptible": true,
                "service_account": "default",
                "shielded_instance_config": [
                  {
                    "enable_integrity_monitoring": true,
                    "enable_secure_boot": false
                  }
                ],
                "tags": null,
                "taint": [],
                "workload_metadata_config": []
              }
            ],
            "node_count": 3,
            "node_locations": [
              "us-east1-b"
            ],
            "operation": null,
            "project": "centering-aegis-327602",
            "timeouts": null,
            "upgrade_settings": [
              {
                "max_surge": 1,
                "max_unavailable": 0
              }
            ],
            "version": "1.20.9-gke.1001"
          },
          "private": "eyJlMmJmYjczMC1lY2FhLTExZTYtOGY4OC0zNDM2M2JjN2M0YzAiOnsiY3JlYXRlIjoxODAwMDAwMDAwMDAwLCJkZWxldGUiOjE4MDAwMDAwMDAwMDAsInVwZGF0ZSI6MTgwMDAwMDAwMDAwMH0sInNjaGVtYV92ZXJzaW9uIjoiMSJ9",
          "dependencies": [
            "google_container_cluster.dev_cluster"
          ]
        }
      ]
    }
  ]
}
