{
  "version": 4,
  "terraform_version": "0.12.20",
  "serial": 22,
  "lineage": "3c16c23a-f0dd-a57b-5678-eafe958e88f9",
  "outputs": {
    "endpoint": {
      "value": "35.196.218.71",
      "type": "string"
    }
  },
  "resources": [
    {
      "mode": "managed",
      "type": "google_container_cluster",
      "name": "dev_cluster",
      "provider": "provider.google",
      "instances": [
        {
          "schema_version": 1,
          "attributes": {
            "addons_config": [
              {
                "cloudrun_config": [],
                "horizontal_pod_autoscaling": [],
                "http_load_balancing": [],
                "network_policy_config": [
                  {
                    "disabled": true
                  }
                ]
              }
            ],
            "authenticator_groups_config": [],
            "cluster_autoscaling": [
              {
                "auto_provisioning_defaults": [],
                "enabled": false,
                "resource_limits": []
              }
            ],
            "cluster_ipv4_cidr": "10.88.0.0/14",
            "database_encryption": [
              {
                "key_name": "",
                "state": "DECRYPTED"
              }
            ],
            "datapath_provider": "",
            "default_max_pods_per_node": null,
            "default_snat_status": [
              {
                "disabled": false
              }
            ],
            "description": "Demo  GKE Cluster",
            "enable_autopilot": false,
            "enable_binary_authorization": false,
            "enable_intranode_visibility": false,
            "enable_kubernetes_alpha": false,
            "enable_legacy_abac": true,
            "enable_shielded_nodes": true,
            "enable_tpu": false,
            "endpoint": "35.196.218.71",
            "id": "projects/centering-aegis-327602/locations/us-east1-b/clusters/victor-kubernetes",
            "initial_node_count": 2,
            "instance_group_urls": [],
            "ip_allocation_policy": [],
            "label_fingerprint": "a9dc16a7",
            "location": "us-east1-b",
            "logging_service": "logging.googleapis.com/kubernetes",
            "maintenance_policy": [],
            "master_auth": [
              {
                "client_certificate": "",
                "client_certificate_config": [
                  {
                    "issue_client_certificate": false
                  }
                ],
                "client_key": "",
                "cluster_ca_certificate": "LS0tLS1CRUdJTiBDRVJUSUZJQ0FURS0tLS0tCk1JSUVMVENDQXBXZ0F3SUJBZ0lSQUxHVWpjUHBLejR5eUgxMFVITVNyTEV3RFFZSktvWklodmNOQVFFTEJRQXcKTHpFdE1Dc0dBMVVFQXhNa01qbGlPVGhrTnpndE9EWXdNeTAwT0RBM0xXRTBNak10TnpOa1lXRmxNV1ExTXpVMApNQ0FYRFRJeE1UQXdNVEV6TWpFd00xb1lEekl3TlRFd09USTBNVFF5TVRBeldqQXZNUzB3S3dZRFZRUURFeVF5Ck9XSTVPR1EzT0MwNE5qQXpMVFE0TURjdFlUUXlNeTAzTTJSaFlXVXhaRFV6TlRRd2dnR2lNQTBHQ1NxR1NJYjMKRFFFQkFRVUFBNElCandBd2dnR0tBb0lCZ1FDN3BuOVVJbmFBUlNUR1RlRk5PQXhxc3hVTlFWNWRmQ2gzNmx3MwpOd1MzeEpGTGxLdnRlK29tYWtIb1FFZCtWb1g1MXNvRWJUY01SS2FLd1ZXT1NyY0duS3dFUjFYcUpoSHlodFhKCjJDWFhLeTd3ZVRkL01MQXhwWTlOL2tYY0xsVkhIRzJzZ0ErVXR5bjg1NzdTbC9jWjFJa3Bwa21Xb0JQMEIxSTAKNE96WXVoVmo4bVhxYWlqK08xUlZzdWJ6QXJ0LzZPeWZCYjRGN29uMHV2SnhyajJDakVQeGdWTEFrQlpiVnFvaQoyYk5iZjlRTk5TcjduM2ZUa2Z1cFBJYkNjc25TVWxTeng3MVFqTHlLbjh2a2pYVzJ6WWlPQWhiN0d2VFZpbUJXCm1ncklzMVRyWUt2SnhYMzI5RGJRRnJwbGhCTkVUN3FqTFNwZ3l4dWpRdXVaOEJVNGxnTkJUUHhZQ0xkaUQ3QnQKRTdYRUpreWlRNytycktKblc4TFhaa2liT0JOZ1JXaDVVZSt6Q0pRN2dxR0p5cXBFUHRqVFhZQzlLb0M2M3JnQQpPOTA2Vk1TMjEyQzZWVUZYMExLNlVqc2kwV0loSG9DWEl5T3pmSHl3WlpmYStCNWtjM1VrZVRGMkh6SUlyNkJxCkFGOTdtSW12bEowc0N1Y2pOOGxhS1pValoyMENBd0VBQWFOQ01FQXdEZ1lEVlIwUEFRSC9CQVFEQWdJRU1BOEcKQTFVZEV3RUIvd1FGTUFNQkFmOHdIUVlEVlIwT0JCWUVGSjZoRnhPejhYSXByYXlLRWNpRktOR21ERFN2TUEwRwpDU3FHU0liM0RRRUJDd1VBQTRJQmdRQkNyZk1YcFNRNDZBd1ZPMFdldGRBSlFsMS9wekhBTy9WK1RZZU94cmpWCnd6RDV1WUUwS0xkazd1UUM4ZW8wL0p3THJaRVpQMjBEUHNyeC82d00zeU1FYkIxOXBkUUxCNy9zSE12U0NPVXUKTDJlRlFjOWNlY0NlMGoydVEyYXlMR3dvZFZjenJ6UytxeklTbzJEWEhZUjAzalJsNmdxZkthME53Y3pER1FIVQo2WHdtR2VNOFdhYmZOa0pYV0dOUjF3d3l0ZkxLTHJFT0NYaFQ5MlRPS1BTZkFnbUF3ZzlkZG1JbUlGY0p4clQ1ClpGQzRtdXdZZTRmck9DK0ZxWGlpdDlidm9aMkxuajhUYmRaMXl1RUFEN2kva1RGM09kQTdDYmRzYUtYdVU0TzIKTFk2TkVlUW0yeGRzVGp6UzJ3R0NvUkZ0S0ZNRTlZVnpzcFB4VmkxdVlMY1VpZ0xiRVM2cy9vUzZaUWdGM2Zqcgo4YUNOTkhDNWxHUVZRZ2ZGNm50Mm9Vc2g0WThac2k2NlpDN3hrd3I5d1M3TE1TZU9yR2RtdUxtZ1dmMDMxc2I0CjhEa0FPd090T1I1UTFRa1RmTnJtbG91eTdwWVBKSW9aeU5VaUYvcjR5NUViTzFBdVJtc2VPMDFDYWxjZkFpYjYKWmNWaUx6aEdSTTZiUHF0NlpaNmpLaVk9Ci0tLS0tRU5EIENFUlRJRklDQVRFLS0tLS0K",
                "password": "",
                "username": ""
              }
            ],
            "master_authorized_networks_config": [],
            "master_version": "1.20.9-gke.1001",
            "min_master_version": null,
            "monitoring_service": "monitoring.googleapis.com/kubernetes",
            "name": "victor-kubernetes",
            "network": "projects/centering-aegis-327602/global/networks/default",
            "network_policy": [
              {
                "enabled": false,
                "provider": "PROVIDER_UNSPECIFIED"
              }
            ],
            "networking_mode": "ROUTES",
            "node_config": [],
            "node_locations": [],
            "node_pool": [],
            "node_version": "1.20.9-gke.1001",
            "operation": null,
            "pod_security_policy_config": [],
            "private_cluster_config": [],
            "private_ipv6_google_access": "",
            "project": "centering-aegis-327602",
            "release_channel": [
              {
                "channel": "REGULAR"
              }
            ],
            "remove_default_node_pool": true,
            "resource_labels": null,
            "resource_usage_export_config": [],
            "self_link": "https://container.googleapis.com/v1beta1/projects/centering-aegis-327602/zones/us-east1-b/clusters/victor-kubernetes",
            "services_ipv4_cidr": "10.91.240.0/20",
            "subnetwork": "projects/centering-aegis-327602/regions/us-east1/subnetworks/default",
            "timeouts": null,
            "tpu_ipv4_cidr_block": "",
            "vertical_pod_autoscaling": [],
            "workload_identity_config": []
          },
          "private": "eyJlMmJmYjczMC1lY2FhLTExZTYtOGY4OC0zNDM2M2JjN2M0YzAiOnsiY3JlYXRlIjoyNDAwMDAwMDAwMDAwLCJkZWxldGUiOjI0MDAwMDAwMDAwMDAsInJlYWQiOjI0MDAwMDAwMDAwMDAsInVwZGF0ZSI6MzYwMDAwMDAwMDAwMH0sInNjaGVtYV92ZXJzaW9uIjoiMSJ9"
        }
      ]
    },
    {
      "mode": "managed",
      "type": "google_container_node_pool",
      "name": "primary_preemptible_nodes",
      "provider": "provider.google",
      "instances": [
        {
          "schema_version": 1,
          "attributes": {
            "autoscaling": [],
            "cluster": "victor-kubernetes",
            "id": "projects/centering-aegis-327602/locations/us-east1-b/clusters/victor-kubernetes/nodePools/victor-kubernetes-node-pool",
            "initial_node_count": 2,
            "instance_group_urls": [
              "https://www.googleapis.com/compute/v1/projects/centering-aegis-327602/zones/us-east1-b/instanceGroupManagers/gke-victor-kubernete-victor-kubernete-c3da3de6-grp"
            ],
            "location": "us-east1-b",
            "management": [
              {
                "auto_repair": true,
                "auto_upgrade": true
              }
            ],
            "max_pods_per_node": null,
            "name": "victor-kubernetes-node-pool",
            "name_prefix": "",
            "node_config": [
              {
                "disk_size_gb": 100,
                "disk_type": "pd-standard",
                "guest_accelerator": [],
                "image_type": "COS_CONTAINERD",
                "labels": {},
                "local_ssd_count": 0,
                "machine_type": "n1-standard-1",
                "metadata": {
                  "disable-legacy-endpoints": "true"
                },
                "min_cpu_platform": "",
                "oauth_scopes": [
                  "https://www.googleapis.com/auth/logging.write",
                  "https://www.googleapis.com/auth/monitoring"
                ],
                "preemptible": true,
                "service_account": "default",
                "shielded_instance_config": [
                  {
                    "enable_integrity_monitoring": true,
                    "enable_secure_boot": false
                  }
                ],
                "tags": null,
                "taint": [],
                "workload_metadata_config": []
              }
            ],
            "node_count": 2,
            "node_locations": [
              "us-east1-b"
            ],
            "operation": null,
            "project": "centering-aegis-327602",
            "timeouts": null,
            "upgrade_settings": [
              {
                "max_surge": 1,
                "max_unavailable": 0
              }
            ],
            "version": "1.20.9-gke.1001"
          },
          "private": "eyJlMmJmYjczMC1lY2FhLTExZTYtOGY4OC0zNDM2M2JjN2M0YzAiOnsiY3JlYXRlIjoxODAwMDAwMDAwMDAwLCJkZWxldGUiOjE4MDAwMDAwMDAwMDAsInVwZGF0ZSI6MTgwMDAwMDAwMDAwMH0sInNjaGVtYV92ZXJzaW9uIjoiMSJ9",
          "dependencies": [
            "google_container_cluster.dev_cluster"
          ]
        }
      ]
    }
  ]
}
